
Microsoft Visual Studio Solution File, Format Version 12.00
# Visual Studio Version 16
VisualStudioVersion = 16.0.30503.244
MinimumVisualStudioVersion = 10.0.40219.1
Project("{9A19103F-16F7-4668-BE54-9A1E7A4F7556}") = "FiveM_Default_Build", "FiveM_Default_Build\FiveM_Default_Build.csproj", "{840ED1B2-F4D7-4375-AE92-09B9089C3CAB}"
EndProject
Global
	GlobalSection(SolutionConfigurationPlatforms) = preSolution
		Debug|Any CPU = Debug|Any CPU
		Release|Any CPU = Release|Any CPU
	EndGlobalSection
	GlobalSection(ProjectConfigurationPlatforms) = postSolution
		{840ED1B2-F4D7-4375-AE92-09B9089C3CAB}.Debug|Any CPU.ActiveCfg = Debug|Any CPU
		{840ED1B2-F4D7-4375-AE92-09B9089C3CAB}.Debug|Any CPU.Build.0 = Debug|Any CPU
		{840ED1B2-F4D7-4375-AE92-09B9089C3CAB}.Release|Any CPU.ActiveCfg = Release|Any CPU
		{840ED1B2-F4D7-4375-AE92-09B9089C3CAB}.Release|Any CPU.Build.0 = Release|Any CPU
	EndGlobalSection
	GlobalSection(SolutionProperties) = preSolution
		HideSolutionNode = FALSE
	EndGlobalSection
	GlobalSection(ExtensibilityGlobals) = postSolution
		SolutionGuid = {E7102082-E52B-4F94-B14E-69D6B835DCB6}
	EndGlobalSection
EndGlobal
